{
  "name": "testblog",
  "version": "1.0.0",
  "lockfileVersion": 1,
  "requires": true,
  "dependencies": {
    "@sanity/google-maps-input": {
      "version": "0.140.11",
      "resolved": "https://registry.npmjs.org/@sanity/google-maps-input/-/google-maps-input-0.140.11.tgz",
      "integrity": "sha512-hS0dYdMs00DzfKJDejGSTKIh+ob9J7futjor4NIEbrhb57Vi8yL6BTM2qETAMHMLJzemHkd4gvQSuGPMpjn+Tg==",
      "requires": {
        "in-publish": "2.0.0"
      }
    },
    "deepmerge": {
      "version": "3.2.0",
      "resolved": "https://registry.npmjs.org/deepmerge/-/deepmerge-3.2.0.tgz",
      "integrity": "sha512-6+LuZGU7QCNUnAJyX8cIrlzoEgggTM6B7mm+znKOX4t5ltluT9KLjN6g61ECMS0LTsLW7yDpNoxhix5FZcrIow=="
    },
    "in-publish": {
      "version": "2.0.0",
      "resolved": "https://registry.npmjs.org/in-publish/-/in-publish-2.0.0.tgz",
      "integrity": "sha1-4g/146KvwmkDILbcVSaCqcf631E="
    },
    "is-plain-object": {
      "version": "2.0.4",
      "resolved": "https://registry.npmjs.org/is-plain-object/-/is-plain-object-2.0.4.tgz",
      "integrity": "sha512-h5PpgXkWitc38BBMYawTYMWJHFZJVnBquFE57xFpjB8pJFiF6gZ+bU+WyI/yqXiFR5mdLsgYNaPe8uao6Uv9Og==",
      "requires": {
        "isobject": "3.0.1"
      }
    },
    "isobject": {
      "version": "3.0.1",
      "resolved": "https://registry.npmjs.org/isobject/-/isobject-3.0.1.tgz",
      "integrity": "sha1-TkMekrEalzFjaqH5yNHMvP2reN8="
    },
    "js-tokens": {
      "version": "4.0.0",
      "resolved": "https://registry.npmjs.org/js-tokens/-/js-tokens-4.0.0.tgz",
      "integrity": "sha512-RdJUflcE3cUzKiMqQgsCu06FPu9UdIJO0beYbPhHN4k6apgJtifcoCtT9bcxOpYBtpD2kCM6Sbzg4CausW/PKQ=="
    },
    "lodash": {
      "version": "4.17.11",
      "resolved": "https://registry.npmjs.org/lodash/-/lodash-4.17.11.tgz",
      "integrity": "sha512-cQKh8igo5QUhZ7lg38DYWAxMvjSAKG0A8wGSVimP07SIUEK2UO+arSRKbRZWtelMtN5V0Hkwh5ryOto/SshYIg=="
    },
    "loose-envify": {
      "version": "1.4.0",
      "resolved": "https://registry.npmjs.org/loose-envify/-/loose-envify-1.4.0.tgz",
      "integrity": "sha512-lyuxPGr/Wfhrlem2CL/UcnUc1zcqKAImBDzukY7Y5F/yQiNdko6+fRLevlw1HgMySw7f611UIY408EtxRSoK3Q==",
      "requires": {
        "js-tokens": "4.0.0"
      }
    },
    "object-assign": {
      "version": "4.1.1",
      "resolved": "https://registry.npmjs.org/object-assign/-/object-assign-4.1.1.tgz",
      "integrity": "sha1-IQmtx5ZYh8/AXLvUQsrIv7s2CGM="
    },
    "prop-types": {
      "version": "15.6.2",
      "resolved": "https://registry.npmjs.org/prop-types/-/prop-types-15.6.2.tgz",
      "integrity": "sha512-3pboPvLiWD7dkI3qf3KbUe6hKFKa52w+AE0VCqECtf+QHAKgOL37tTaNCnuX1nAAQ4ZhyP+kYVKf8rLmJ/feDQ==",
      "requires": {
        "loose-envify": "1.4.0",
        "object-assign": "4.1.1"
      }
    },
    "react": {
      "version": "16.8.0",
      "resolved": "https://registry.npmjs.org/react/-/react-16.8.0.tgz",
      "integrity": "sha512-g+nikW2D48kqgWSPwNo0NH9tIGG3DsQFlrtrQ1kj6W77z5ahyIHG0w8kPpz4Sdj6gyLnz0lEd/xsjOoGge2MYQ==",
      "requires": {
        "loose-envify": "1.4.0",
        "object-assign": "4.1.1",
        "prop-types": "15.6.2",
        "scheduler": "0.13.0"
      }
    },
    "react-autocomplete": {
      "version": "1.8.1",
      "resolved": "https://registry.npmjs.org/react-autocomplete/-/react-autocomplete-1.8.1.tgz",
      "integrity": "sha1-67vEAABqqRrVOLLRRye55+XQYxA=",
      "requires": {
        "dom-scroll-into-view": "1.0.1",
        "prop-types": "15.6.2"
      },
      "dependencies": {
        "dom-scroll-into-view": {
          "version": "1.0.1",
          "resolved": "https://registry.npmjs.org/dom-scroll-into-view/-/dom-scroll-into-view-1.0.1.tgz",
          "integrity": "sha1-Mqu5Lw2P7KYhUWKu9D5LRJq42Zw="
        }
      }
    },
    "react-dom": {
      "version": "16.8.0",
      "resolved": "https://registry.npmjs.org/react-dom/-/react-dom-16.8.0.tgz",
      "integrity": "sha512-dBzoAGYZpW9Yggp+CzBPC7q1HmWSeRc93DWrwbskmG1eHJWznZB/p0l/Sm+69leIGUS91AXPB/qB3WcPnKx8Sw==",
      "requires": {
        "loose-envify": "1.4.0",
        "object-assign": "4.1.1",
        "prop-types": "15.6.2",
        "scheduler": "0.13.0"
      }
    },
    "scheduler": {
      "version": "0.13.0",
      "resolved": "https://registry.npmjs.org/scheduler/-/scheduler-0.13.0.tgz",
      "integrity": "sha512-w7aJnV30jc7OsiZQNPVmBc+HooZuvQZIZIShKutC3tnMFMkcwVN9CZRRSSNw03OnSCKmEkK8usmwcw6dqBaLzw==",
      "requires": {
        "loose-envify": "1.4.0",
        "object-assign": "4.1.1"
      }
    }
  }
}
